# This file is automatically @generated by Cargo.
# It is not intended for manual editing.
[[package]]
name = "approx"
version = "0.3.2"
source = "registry+https://github.com/rust-lang/crates.io-index"
dependencies = [
 "num-traits 0.2.9 (registry+https://github.com/rust-lang/crates.io-index)",
]

[[package]]
name = "arrayvec"
version = "0.5.1"
source = "registry+https://github.com/rust-lang/crates.io-index"

[[package]]
name = "autocfg"
version = "0.1.7"
source = "registry+https://github.com/rust-lang/crates.io-index"

[[package]]
name = "byteorder"
version = "1.3.2"
source = "registry+https://github.com/rust-lang/crates.io-index"

[[package]]
name = "num-traits"
version = "0.2.9"
source = "registry+https://github.com/rust-lang/crates.io-index"
dependencies = [
 "autocfg 0.1.7 (registry+https://github.com/rust-lang/crates.io-index)",
]

[[package]]
name = "ordered-float"
version = "1.0.2"
source = "registry+https://github.com/rust-lang/crates.io-index"
dependencies = [
 "num-traits 0.2.9 (registry+https://github.com/rust-lang/crates.io-index)",
]

[[package]]
name = "r_tui"
version = "0.1.0"
dependencies = [
 "rusttype 0.8.1 (registry+https://github.com/rust-lang/crates.io-index)",
]

[[package]]
name = "rusttype"
version = "0.8.1"
source = "registry+https://github.com/rust-lang/crates.io-index"
dependencies = [
 "approx 0.3.2 (registry+https://github.com/rust-lang/crates.io-index)",
 "arrayvec 0.5.1 (registry+https://github.com/rust-lang/crates.io-index)",
 "ordered-float 1.0.2 (registry+https://github.com/rust-lang/crates.io-index)",
 "stb_truetype 0.3.0 (registry+https://github.com/rust-lang/crates.io-index)",
]

[[package]]
name = "stb_truetype"
version = "0.3.0"
source = "registry+https://github.com/rust-lang/crates.io-index"
dependencies = [
 "byteorder 1.3.2 (registry+https://github.com/rust-lang/crates.io-index)",
]

[metadata]
"checksum approx 0.3.2 (registry+https://github.com/rust-lang/crates.io-index)" = "f0e60b75072ecd4168020818c0107f2857bb6c4e64252d8d3983f6263b40a5c3"
"checksum arrayvec 0.5.1 (registry+https://github.com/rust-lang/crates.io-index)" = "cff77d8686867eceff3105329d4698d96c2391c176d5d03adc90c7389162b5b8"
"checksum autocfg 0.1.7 (registry+https://github.com/rust-lang/crates.io-index)" = "1d49d90015b3c36167a20fe2810c5cd875ad504b39cff3d4eae7977e6b7c1cb2"
"checksum byteorder 1.3.2 (registry+https://github.com/rust-lang/crates.io-index)" = "a7c3dd8985a7111efc5c80b44e23ecdd8c007de8ade3b96595387e812b957cf5"
"checksum num-traits 0.2.9 (registry+https://github.com/rust-lang/crates.io-index)" = "443c53b3c3531dfcbfa499d8893944db78474ad7a1d87fa2d94d1a2231693ac6"
"checksum ordered-float 1.0.2 (registry+https://github.com/rust-lang/crates.io-index)" = "18869315e81473c951eb56ad5558bbc56978562d3ecfb87abb7a1e944cea4518"
"checksum rusttype 0.8.1 (registry+https://github.com/rust-lang/crates.io-index)" = "6fa38506b5cbf2fb67f915e2725cb5012f1b9a785b0ab55c4733acda5f6554ef"
"checksum stb_truetype 0.3.0 (registry+https://github.com/rust-lang/crates.io-index)" = "824210d6fb52cbc3ad2545270ead6860c7311aa5450642b078da4515937b6f7a"
